// !$*UTF8*$!
{
	archiveVersion = 1;
	classes = {
	};
	objectVersion = 46;
	objects = {

/* Begin PBXGroup section */
		90275BCD1B02EC950049B9EF = {
			isa = PBXGroup;
			children = (
			);
			sourceTree = "<group>";
		};
/* End PBXGroup section */

/* Begin PBXProject section */
		90275BCE1B02EC950049B9EF /* Project object */ = {
			isa = PBXProject;
			attributes = {
				LastUpgradeCheck = 0630;
			};
			buildConfigurationList = 90275BD11B02EC950049B9EF /* Build configuration list for PBXProject "AppDelegateNotification" */;
			compatibilityVersion = "Xcode 3.2";
			developmentRegion = English;
			hasScannedForEncodings = 0;
			knownRegions = (
				en,
			);
			mainGroup = 90275BCD1B02EC950049B9EF;
			projectDirPath = "";
			projectRoot = "";
			targets = (
			);
		};
/* End PBXProject section */

/* Begin XCBuildConfiguration section */
		90275BD21B02EC950049B9EF /* Debug */ = {
			isa = XCBuildConfiguration;
			buildSettings = {
			};
			name = Debug;
		};
		90275BD31B02EC950049B9EF /* Release */ = {
			isa = XCBuildConfiguration;
			buildSettings = {
			};
			name = Release;
		};
/* End XCBuildConfiguration section */

/* Begin XCConfigurationList section */
		90275BD11B02EC950049B9EF /* Build configuration list for PBXProject "AppDelegateNotification" */ = {
			isa = XCConfigurationList;
			buildConfigurations = (
				90275BD21B02EC950049B9EF /* Debug */,
				90275BD31B02EC950049B9EF /* Release */,
			);
			defaultConfigurationIsVisible = 0;
			defaultConfigurationName = Release;
		};
/* End XCConfigurationList section */
	};
	rootObject = 90275BCE1B02EC950049B9EF /* Project object */;
}
